{
  "name": "cortexbackend",
  "lockfileVersion": 3,
  "requires": true,
  "packages": {
    "": {
      "dependencies": {
        "snowflake": "^0.0.0"
      }
    },
    "node_modules/snowflake": {
      "version": "0.0.0",
      "resolved": "https://registry.npmjs.org/snowflake/-/snowflake-0.0.0.tgz",
      "integrity": "sha512-Z0dS2J7vvRyRpFuDBm2ICNvqNs68GOz5gnR9jxdXcPqoDNKivNlvulT0rAeQjPiYAsQvKTTyKKEgSpBz3n/o/g==",
      "license": "MIT"
    }
  }
}
